
Microsoft Visual Studio Solution File, Format Version 12.00
# Visual Studio Version 17
VisualStudioVersion = 17.4.33213.308
MinimumVisualStudioVersion = 10.0.40219.1
Project("{9A19103F-16F7-4668-BE54-9A1E7A4F7556}") = "WebApplication1", "WebApplication1.csproj", "{54075377-6958-4BF5-8E11-40318743E61A}"
EndProject
Project("{FAE04EC0-301F-11D3-BF4B-00C04F79EFBC}") = "Mvc", "..\Mvc\Mvc.csproj", "{A6C8BF8E-2592-4905-BD6F-35CE50063ED5}"
EndProject
Global
	GlobalSection(SolutionConfigurationPlatforms) = preSolution
		Debug|Any CPU = Debug|Any CPU
		Release|Any CPU = Release|Any CPU
	EndGlobalSection
	GlobalSection(ProjectConfigurationPlatforms) = postSolution
		{54075377-6958-4BF5-8E11-40318743E61A}.Debug|Any CPU.ActiveCfg = Debug|Any CPU
		{54075377-6958-4BF5-8E11-40318743E61A}.Debug|Any CPU.Build.0 = Debug|Any CPU
		{54075377-6958-4BF5-8E11-40318743E61A}.Release|Any CPU.ActiveCfg = Release|Any CPU
		{54075377-6958-4BF5-8E11-40318743E61A}.Release|Any CPU.Build.0 = Release|Any CPU
		{A6C8BF8E-2592-4905-BD6F-35CE50063ED5}.Debug|Any CPU.ActiveCfg = Debug|Any CPU
		{A6C8BF8E-2592-4905-BD6F-35CE50063ED5}.Debug|Any CPU.Build.0 = Debug|Any CPU
		{A6C8BF8E-2592-4905-BD6F-35CE50063ED5}.Release|Any CPU.ActiveCfg = Release|Any CPU
		{A6C8BF8E-2592-4905-BD6F-35CE50063ED5}.Release|Any CPU.Build.0 = Release|Any CPU
	EndGlobalSection
	GlobalSection(SolutionProperties) = preSolution
		HideSolutionNode = FALSE
	EndGlobalSection
	GlobalSection(ExtensibilityGlobals) = postSolution
		SolutionGuid = {689D52AE-EF29-4834-A851-70C14EC06D0C}
	EndGlobalSection
EndGlobal
